# This file is automatically @generated by Cargo.
# It is not intended for manual editing.
version = 4

[[package]]
name = "correlated-dyn"
version = "0.1.0"

[[package]]
name = "erased-records"
version = "0.1.0"

[[package]]
name = "formatting"
version = "0.1.0"

[[package]]
name = "mixed-dyn"
version = "0.1.0"

[[package]]
name = "pointer-alias"
version = "0.1.0"
